
Microsoft Visual Studio Solution File, Format Version 12.00
# Visual Studio 15
VisualStudioVersion = 15.0.26730.16
MinimumVisualStudioVersion = 10.0.40219.1
Project("{8BC9CEB8-8B4A-11D0-8D11-00A0C91BC942}") = "ats4", "ats4\ats4.vcxproj", "{149FC09E-9CBF-43A0-B6AB-E6EC17CFE7A5}"
EndProject
Global
	GlobalSection(SolutionConfigurationPlatforms) = preSolution
		Debug|x64 = Debug|x64
		Debug|x86 = Debug|x86
		Release|x64 = Release|x64
		Release|x86 = Release|x86
	EndGlobalSection
	GlobalSection(ProjectConfigurationPlatforms) = postSolution
		{149FC09E-9CBF-43A0-B6AB-E6EC17CFE7A5}.Debug|x64.ActiveCfg = Debug|x64
		{149FC09E-9CBF-43A0-B6AB-E6EC17CFE7A5}.Debug|x64.Build.0 = Debug|x64
		{149FC09E-9CBF-43A0-B6AB-E6EC17CFE7A5}.Debug|x86.ActiveCfg = Debug|Win32
		{149FC09E-9CBF-43A0-B6AB-E6EC17CFE7A5}.Debug|x86.Build.0 = Debug|Win32
		{149FC09E-9CBF-43A0-B6AB-E6EC17CFE7A5}.Release|x64.ActiveCfg = Release|x64
		{149FC09E-9CBF-43A0-B6AB-E6EC17CFE7A5}.Release|x64.Build.0 = Release|x64
		{149FC09E-9CBF-43A0-B6AB-E6EC17CFE7A5}.Release|x86.ActiveCfg = Release|Win32
		{149FC09E-9CBF-43A0-B6AB-E6EC17CFE7A5}.Release|x86.Build.0 = Release|Win32
	EndGlobalSection
	GlobalSection(SolutionProperties) = preSolution
		HideSolutionNode = FALSE
	EndGlobalSection
	GlobalSection(ExtensibilityGlobals) = postSolution
		SolutionGuid = {4C402F6A-2FD2-409C-AB18-E2C4F3087802}
	EndGlobalSection
EndGlobal
